
Microsoft Visual Studio Solution File, Format Version 12.00
# Visual Studio 15
VisualStudioVersion = 15.0.27703.2026
MinimumVisualStudioVersion = 10.0.40219.1
Project("{9A19103F-16F7-4668-BE54-9A1E7A4F7556}") = "SparkFlume.EventGenerator", "SparkFlume.EventGenerator\SparkFlume.EventGenerator.csproj", "{EF56468B-0EAB-437B-BE01-BAABCF019B7B}"
EndProject
Project("{9A19103F-16F7-4668-BE54-9A1E7A4F7556}") = "SparkFlume.Output", "SparkFlume.Output\SparkFlume.Output.csproj", "{40DDB091-E45B-4F61-A131-CD5247A10F8F}"
EndProject
Project("{9A19103F-16F7-4668-BE54-9A1E7A4F7556}") = "SparkFlume.Common", "SparkFlume.Common\SparkFlume.Common.csproj", "{C79EB4A4-62DA-465F-9CA4-F23D061D3102}"
EndProject
Project("{E53339B2-1760-4266-BCC7-CA923CBCF16C}") = "docker-compose", "docker-compose.dcproj", "{4B01CE7A-3D95-4F96-B451-34644C0EF92F}"
EndProject
Project("{888888A0-9F3D-457C-B088-3A5042F75D52}") = "SparkFlume.Spark", "..\SparkFlume.Spark\SparkFlume.Spark.pyproj", "{64C5B6D2-EB1A-4A9E-B99F-7F94EB7BC9D1}"
EndProject
Project("{2150E333-8FDC-42A3-9474-1A3956D46DE8}") = "SparkFlume.Database", "SparkFlume.Database", "{83E9BE5F-6184-4C18-9C98-853D17A68BE8}"
	ProjectSection(SolutionItems) = preProject
		SparkFlume.Database\CreateDatabase.sql = SparkFlume.Database\CreateDatabase.sql
		SparkFlume.Database\docker-entrypoint.sh = SparkFlume.Database\docker-entrypoint.sh
		SparkFlume.Database\Dockerfile = SparkFlume.Database\Dockerfile
	EndProjectSection
EndProject
Project("{2150E333-8FDC-42A3-9474-1A3956D46DE8}") = "SparkFlume.Flume", "SparkFlume.Flume", "{02A56F85-57DE-49C1-BBFD-5CBC85E63009}"
	ProjectSection(SolutionItems) = preProject
		SparkFlume.Flume\Dockerfile = SparkFlume.Flume\Dockerfile
		SparkFlume.Flume\entrypoint.sh = SparkFlume.Flume\entrypoint.sh
		SparkFlume.Flume\flume-env.sh = SparkFlume.Flume\flume-env.sh
		SparkFlume.Flume\flume.conf = SparkFlume.Flume\flume.conf
	EndProjectSection
EndProject
Global
	GlobalSection(SolutionConfigurationPlatforms) = preSolution
		Debug|Any CPU = Debug|Any CPU
		Release|Any CPU = Release|Any CPU
	EndGlobalSection
	GlobalSection(ProjectConfigurationPlatforms) = postSolution
		{EF56468B-0EAB-437B-BE01-BAABCF019B7B}.Debug|Any CPU.ActiveCfg = Debug|Any CPU
		{EF56468B-0EAB-437B-BE01-BAABCF019B7B}.Debug|Any CPU.Build.0 = Debug|Any CPU
		{EF56468B-0EAB-437B-BE01-BAABCF019B7B}.Release|Any CPU.ActiveCfg = Release|Any CPU
		{EF56468B-0EAB-437B-BE01-BAABCF019B7B}.Release|Any CPU.Build.0 = Release|Any CPU
		{40DDB091-E45B-4F61-A131-CD5247A10F8F}.Debug|Any CPU.ActiveCfg = Debug|Any CPU
		{40DDB091-E45B-4F61-A131-CD5247A10F8F}.Debug|Any CPU.Build.0 = Debug|Any CPU
		{40DDB091-E45B-4F61-A131-CD5247A10F8F}.Release|Any CPU.ActiveCfg = Release|Any CPU
		{40DDB091-E45B-4F61-A131-CD5247A10F8F}.Release|Any CPU.Build.0 = Release|Any CPU
		{C79EB4A4-62DA-465F-9CA4-F23D061D3102}.Debug|Any CPU.ActiveCfg = Debug|Any CPU
		{C79EB4A4-62DA-465F-9CA4-F23D061D3102}.Debug|Any CPU.Build.0 = Debug|Any CPU
		{C79EB4A4-62DA-465F-9CA4-F23D061D3102}.Release|Any CPU.ActiveCfg = Release|Any CPU
		{C79EB4A4-62DA-465F-9CA4-F23D061D3102}.Release|Any CPU.Build.0 = Release|Any CPU
		{4B01CE7A-3D95-4F96-B451-34644C0EF92F}.Debug|Any CPU.ActiveCfg = Debug|Any CPU
		{4B01CE7A-3D95-4F96-B451-34644C0EF92F}.Debug|Any CPU.Build.0 = Debug|Any CPU
		{4B01CE7A-3D95-4F96-B451-34644C0EF92F}.Release|Any CPU.ActiveCfg = Release|Any CPU
		{4B01CE7A-3D95-4F96-B451-34644C0EF92F}.Release|Any CPU.Build.0 = Release|Any CPU
		{64C5B6D2-EB1A-4A9E-B99F-7F94EB7BC9D1}.Debug|Any CPU.ActiveCfg = Debug|Any CPU
		{64C5B6D2-EB1A-4A9E-B99F-7F94EB7BC9D1}.Release|Any CPU.ActiveCfg = Release|Any CPU
	EndGlobalSection
	GlobalSection(SolutionProperties) = preSolution
		HideSolutionNode = FALSE
	EndGlobalSection
	GlobalSection(ExtensibilityGlobals) = postSolution
		SolutionGuid = {51E6D20A-4EC8-47AC-9CFC-B53ECC6B81F1}
	EndGlobalSection
EndGlobal
